// !$*UTF8*$!
{
	archiveVersion = 1;
	classes = {
	};
	objectVersion = 46;
	objects = {

/* Begin PBXBuildFile section */
		3807894B1CDFF387003C732D /* AppDelegate.swift in Sources */ = {isa = PBXBuildFile; fileRef = 3807894A1CDFF387003C732D /* AppDelegate.swift */; };
		3807894D1CDFF387003C732D /* ViewController.swift in Sources */ = {isa = PBXBuildFile; fileRef = 3807894C1CDFF387003C732D /* ViewController.swift */; };
		380789501CDFF387003C732D /* Main.storyboard in Resources */ = {isa = PBXBuildFile; fileRef = 3807894E1CDFF387003C732D /* Main.storyboard */; };
		380789521CDFF387003C732D /* Assets.xcassets in Resources */ = {isa = PBXBuildFile; fileRef = 380789511CDFF387003C732D /* Assets.xcassets */; };
		380789551CDFF387003C732D /* LaunchScreen.storyboard in Resources */ = {isa = PBXBuildFile; fileRef = 380789531CDFF387003C732D /* LaunchScreen.storyboard */; };
/* End PBXBuildFile section */

/* Begin PBXFileReference section */
		380789471CDFF386003C732D /* GQLSwiftQueryExample.app */ = {isa = PBXFileReference; explicitFileType = wrapper.application; includeInIndex = 0; path = GQLSwiftQueryExample.app; sourceTree = BUILT_PRODUCTS_DIR; };
		3807894A1CDFF387003C732D /* AppDelegate.swift */ = {isa = PBXFileReference; lastKnownFileType = sourcecode.swift; path = AppDelegate.swift; sourceTree = "<group>"; };
		3807894C1CDFF387003C732D /* ViewController.swift */ = {isa = PBXFileReference; lastKnownFileType = sourcecode.swift; path = ViewController.swift; sourceTree = "<group>"; };
		3807894F1CDFF387003C732D /* Base */ = {isa = PBXFileReference; lastKnownFileType = file.storyboard; name = Base; path = Base.lproj/Main.storyboard; sourceTree = "<group>"; };
		380789511CDFF387003C732D /* Assets.xcassets */ = {isa = PBXFileReference; lastKnownFileType = folder.assetcatalog; path = Assets.xcassets; sourceTree = "<group>"; };
		380789541CDFF387003C732D /* Base */ = {isa = PBXFileReference; lastKnownFileType = file.storyboard; name = Base; path = Base.lproj/LaunchScreen.storyboard; sourceTree = "<group>"; };
		380789561CDFF387003C732D /* Info.plist */ = {isa = PBXFileReference; lastKnownFileType = text.plist.xml; path = Info.plist; sourceTree = "<group>"; };
/* End PBXFileReference section */

/* Begin PBXFrameworksBuildPhase section */
		380789441CDFF386003C732D /* Frameworks */ = {
			isa = PBXFrameworksBuildPhase;
			buildActionMask = 2147483647;
			files = (
			);
			runOnlyForDeploymentPostprocessing = 0;
		};
/* End PBXFrameworksBuildPhase section */

/* Begin PBXGroup section */
		3807893E1CDFF386003C732D = {
			isa = PBXGroup;
			children = (
				380789491CDFF387003C732D /* GQLSwiftQueryExample */,
				380789481CDFF386003C732D /* Products */,
			);
			sourceTree = "<group>";
		};
		380789481CDFF386003C732D /* Products */ = {
			isa = PBXGroup;
			children = (
				380789471CDFF386003C732D /* GQLSwiftQueryExample.app */,
			);
			name = Products;
			sourceTree = "<group>";
		};
		380789491CDFF387003C732D /* GQLSwiftQueryExample */ = {
			isa = PBXGroup;
			children = (
				3807894A1CDFF387003C732D /* AppDelegate.swift */,
				3807894C1CDFF387003C732D /* ViewController.swift */,
				3807894E1CDFF387003C732D /* Main.storyboard */,
				380789511CDFF387003C732D /* Assets.xcassets */,
				380789531CDFF387003C732D /* LaunchScreen.storyboard */,
				380789561CDFF387003C732D /* Info.plist */,
			);
			path = GQLSwiftQueryExample;
			sourceTree = "<group>";
		};
/* End PBXGroup section */

/* Begin PBXNativeTarget section */
		380789461CDFF386003C732D /* GQLSwiftQueryExample */ = {
			isa = PBXNativeTarget;
			buildConfigurationList = 380789591CDFF387003C732D /* Build configuration list for PBXNativeTarget "GQLSwiftQueryExample" */;
			buildPhases = (
				380789431CDFF386003C732D /* Sources */,
				380789441CDFF386003C732D /* Frameworks */,
				380789451CDFF386003C732D /* Resources */,
			);
			buildRules = (
			);
			dependencies = (
			);
			name = GQLSwiftQueryExample;
			productName = GQLSwiftQueryExample;
			productReference = 380789471CDFF386003C732D /* GQLSwiftQueryExample.app */;
			productType = "com.apple.product-type.application";
		};
/* End PBXNativeTarget section */

/* Begin PBXProject section */
		3807893F1CDFF386003C732D /* Project object */ = {
			isa = PBXProject;
			attributes = {
				LastSwiftUpdateCheck = 0730;
				LastUpgradeCheck = 0730;
				ORGANIZATIONNAME = worthbak.com;
				TargetAttributes = {
					380789461CDFF386003C732D = {
						CreatedOnToolsVersion = 7.3.1;
					};
				};
			};
			buildConfigurationList = 380789421CDFF386003C732D /* Build configuration list for PBXProject "GQLSwiftQueryExample" */;
			compatibilityVersion = "Xcode 3.2";
			developmentRegion = English;
			hasScannedForEncodings = 0;
			knownRegions = (
				en,
				Base,
			);
			mainGroup = 3807893E1CDFF386003C732D;
			productRefGroup = 380789481CDFF386003C732D /* Products */;
			projectDirPath = "";
			projectRoot = "";
			targets = (
				380789461CDFF386003C732D /* GQLSwiftQueryExample */,
			);
		};
/* End PBXProject section */

/* Begin PBXResourcesBuildPhase section */
		380789451CDFF386003C732D /* Resources */ = {
			isa = PBXResourcesBuildPhase;
			buildActionMask = 2147483647;
			files = (
				380789551CDFF387003C732D /* LaunchScreen.storyboard in Resources */,
				380789521CDFF387003C732D /* Assets.xcassets in Resources */,
				380789501CDFF387003C732D /* Main.storyboard in Resources */,
			);
			runOnlyForDeploymentPostprocessing = 0;
		};
/* End PBXResourcesBuildPhase section */

/* Begin PBXSourcesBuildPhase section */
		380789431CDFF386003C732D /* Sources */ = {
			isa = PBXSourcesBuildPhase;
			buildActionMask = 2147483647;
			files = (
				3807894D1CDFF387003C732D /* ViewController.swift in Sources */,
				3807894B1CDFF387003C732D /* AppDelegate.swift in Sources */,
			);
			runOnlyForDeploymentPostprocessing = 0;
		};
/* End PBXSourcesBuildPhase section */

/* Begin PBXVariantGroup section */
		3807894E1CDFF387003C732D /* Main.storyboard */ = {
			isa = PBXVariantGroup;
			children = (
				3807894F1CDFF387003C732D /* Base */,
			);
			name = Main.storyboard;
			sourceTree = "<group>";
		};
		380789531CDFF387003C732D /* LaunchScreen.storyboard */ = {
			isa = PBXVariantGroup;
			children = (
				380789541CDFF387003C732D /* Base */,
			);
			name = LaunchScreen.storyboard;
			sourceTree = "<group>";
		};
/* End PBXVariantGroup section */

/* Begin XCBuildConfiguration section */
		380789571CDFF387003C732D /* Debug */ = {
			isa = XCBuildConfiguration;
			buildSettings = {
				ALWAYS_SEARCH_USER_PATHS = NO;
				CLANG_ANALYZER_NONNULL = YES;
				CLANG_CXX_LANGUAGE_STANDARD = "gnu++0x";
				CLANG_CXX_LIBRARY = "libc++";
				CLANG_ENABLE_MODULES = YES;
				CLANG_ENABLE_OBJC_ARC = YES;
				CLANG_WARN_BOOL_CONVERSION = YES;
				CLANG_WARN_CONSTANT_CONVERSION = YES;
				CLANG_WARN_DIRECT_OBJC_ISA_USAGE = YES_ERROR;
				CLANG_WARN_EMPTY_BODY = YES;
				CLANG_WARN_ENUM_CONVERSION = YES;
				CLANG_WARN_INT_CONVERSION = YES;
				CLANG_WARN_OBJC_ROOT_CLASS = YES_ERROR;
				CLANG_WARN_UNREACHABLE_CODE = YES;
				CLANG_WARN__DUPLICATE_METHOD_MATCH = YES;
				"CODE_SIGN_IDENTITY[sdk=iphoneos*]" = "iPhone Developer";
				COPY_PHASE_STRIP = NO;
				DEBUG_INFORMATION_FORMAT = dwarf;
				ENABLE_STRICT_OBJC_MSGSEND = YES;
				ENABLE_TESTABILITY = YES;
				GCC_C_LANGUAGE_STANDARD = gnu99;
				GCC_DYNAMIC_NO_PIC = NO;
				GCC_NO_COMMON_BLOCKS = YES;
				GCC_OPTIMIZATION_LEVEL = 0;
				GCC_PREPROCESSOR_DEFINITIONS = (
					"DEBUG=1",
					"$(inherited)",
				);
				GCC_WARN_64_TO_32_BIT_CONVERSION = YES;
				GCC_WARN_ABOUT_RETURN_TYPE = YES_ERROR;
				GCC_WARN_UNDECLARED_SELECTOR = YES;
				GCC_WARN_UNINITIALIZED_AUTOS = YES_AGGRESSIVE;
				GCC_WARN_UNUSED_FUNCTION = YES;
				GCC_WARN_UNUSED_VARIABLE = YES;
				IPHONEOS_DEPLOYMENT_TARGET = 9.3;
				MTL_ENABLE_DEBUG_INFO = YES;
				ONLY_ACTIVE_ARCH = YES;
				SDKROOT = iphoneos;
				SWIFT_OPTIMIZATION_LEVEL = "-Onone";
			};
			name = Debug;
		};
		380789581CDFF387003C732D /* Release */ = {
			isa = XCBuildConfiguration;
			buildSettings = {
				ALWAYS_SEARCH_USER_PATHS = NO;
				CLANG_ANALYZER_NONNULL = YES;
				CLANG_CXX_LANGUAGE_STANDARD = "gnu++0x";
				CLANG_CXX_LIBRARY = "libc++";
				CLANG_ENABLE_MODULES = YES;
				CLANG_ENABLE_OBJC_ARC = YES;
				CLANG_WARN_BOOL_CONVERSION = YES;
				CLANG_WARN_CONSTANT_CONVERSION = YES;
				CLANG_WARN_DIRECT_OBJC_ISA_USAGE = YES_ERROR;
				CLANG_WARN_EMPTY_BODY = YES;
				CLANG_WARN_ENUM_CONVERSION = YES;
				CLANG_WARN_INT_CONVERSION = YES;
				CLANG_WARN_OBJC_ROOT_CLASS = YES_ERROR;
				CLANG_WARN_UNREACHABLE_CODE = YES;
				CLANG_WARN__DUPLICATE_METHOD_MATCH = YES;
				"CODE_SIGN_IDENTITY[sdk=iphoneos*]" = "iPhone Developer";
				COPY_PHASE_STRIP = NO;
				DEBUG_INFORMATION_FORMAT = "dwarf-with-dsym";
				ENABLE_NS_ASSERTIONS = NO;
				ENABLE_STRICT_OBJC_MSGSEND = YES;
				GCC_C_LANGUAGE_STANDARD = gnu99;
				GCC_NO_COMMON_BLOCKS = YES;
				GCC_WARN_64_TO_32_BIT_CONVERSION = YES;
				GCC_WARN_ABOUT_RETURN_TYPE = YES_ERROR;
				GCC_WARN_UNDECLARED_SELECTOR = YES;
				GCC_WARN_UNINITIALIZED_AUTOS = YES_AGGRESSIVE;
				GCC_WARN_UNUSED_FUNCTION = YES;
				GCC_WARN_UNUSED_VARIABLE = YES;
				IPHONEOS_DEPLOYMENT_TARGET = 9.3;
				MTL_ENABLE_DEBUG_INFO = NO;
				SDKROOT = iphoneos;
				VALIDATE_PRODUCT = YES;
			};
			name = Release;
		};
		3807895A1CDFF387003C732D /* Debug */ = {
			isa = XCBuildConfiguration;
			buildSettings = {
				ASSETCATALOG_COMPILER_APPICON_NAME = AppIcon;
				INFOPLIST_FILE = GQLSwiftQueryExample/Info.plist;
				LD_RUNPATH_SEARCH_PATHS = "$(inherited) @executable_path/Frameworks";
				PRODUCT_BUNDLE_IDENTIFIER = com.worthbak.GQLSwiftQueryExample;
				PRODUCT_NAME = "$(TARGET_NAME)";
			};
			name = Debug;
		};
		3807895B1CDFF387003C732D /* Release */ = {
			isa = XCBuildConfiguration;
			buildSettings = {
				ASSETCATALOG_COMPILER_APPICON_NAME = AppIcon;
				INFOPLIST_FILE = GQLSwiftQueryExample/Info.plist;
				LD_RUNPATH_SEARCH_PATHS = "$(inherited) @executable_path/Frameworks";
				PRODUCT_BUNDLE_IDENTIFIER = com.worthbak.GQLSwiftQueryExample;
				PRODUCT_NAME = "$(TARGET_NAME)";
			};
			name = Release;
		};
/* End XCBuildConfiguration section */

/* Begin XCConfigurationList section */
		380789421CDFF386003C732D /* Build configuration list for PBXProject "GQLSwiftQueryExample" */ = {
			isa = XCConfigurationList;
			buildConfigurations = (
				380789571CDFF387003C732D /* Debug */,
				380789581CDFF387003C732D /* Release */,
			);
			defaultConfigurationIsVisible = 0;
			defaultConfigurationName = Release;
		};
		380789591CDFF387003C732D /* Build configuration list for PBXNativeTarget "GQLSwiftQueryExample" */ = {
			isa = XCConfigurationList;
			buildConfigurations = (
				3807895A1CDFF387003C732D /* Debug */,
				3807895B1CDFF387003C732D /* Release */,
			);
			defaultConfigurationIsVisible = 0;
		};
/* End XCConfigurationList section */
	};
	rootObject = 3807893F1CDFF386003C732D /* Project object */;
}
